// !$*UTF8*$!
{
	archiveVersion = 1;
	classes = {
	};
	objectVersion = 56;
	objects = {

/* Begin PBXBuildFile section */
		4630991F2C264D3F001216D0 /* Auto_focusApp.swift in Sources */ = {isa = PBXBuildFile; fileRef = 4630991E2C264D3F001216D0 /* Auto_focusApp.swift */; };
		463099212C264D3F001216D0 /* Persistence.swift in Sources */ = {isa = PBXBuildFile; fileRef = 463099202C264D3F001216D0 /* Persistence.swift */; };
		463099242C264D3F001216D0 /* Auto_focus.xcdatamodeld in Sources */ = {isa = PBXBuildFile; fileRef = 463099222C264D3F001216D0 /* Auto_focus.xcdatamodeld */; };
		463099262C264D3F001216D0 /* ContentView.swift in Sources */ = {isa = PBXBuildFile; fileRef = 463099252C264D3F001216D0 /* ContentView.swift */; };
		463099282C264D40001216D0 /* Assets.xcassets in Resources */ = {isa = PBXBuildFile; fileRef = 463099272C264D40001216D0 /* Assets.xcassets */; };
		4630992C2C264D40001216D0 /* Preview Assets.xcassets in Resources */ = {isa = PBXBuildFile; fileRef = 4630992B2C264D40001216D0 /* Preview Assets.xcassets */; };
		463099362C264D41001216D0 /* Auto_focusTests.swift in Sources */ = {isa = PBXBuildFile; fileRef = 463099352C264D41001216D0 /* Auto_focusTests.swift */; };
		463099402C264D41001216D0 /* Auto_focusUITests.swift in Sources */ = {isa = PBXBuildFile; fileRef = 4630993F2C264D41001216D0 /* Auto_focusUITests.swift */; };
		463099422C264D41001216D0 /* Auto_focusUITestsLaunchTests.swift in Sources */ = {isa = PBXBuildFile; fileRef = 463099412C264D41001216D0 /* Auto_focusUITestsLaunchTests.swift */; };
/* End PBXBuildFile section */

/* Begin PBXContainerItemProxy section */
		463099322C264D41001216D0 /* PBXContainerItemProxy */ = {
			isa = PBXContainerItemProxy;
			containerPortal = 463099132C264D3F001216D0 /* Project object */;
			proxyType = 1;
			remoteGlobalIDString = 4630991A2C264D3F001216D0;
			remoteInfo = "Auto-focus";
		};
		4630993C2C264D41001216D0 /* PBXContainerItemProxy */ = {
			isa = PBXContainerItemProxy;
			containerPortal = 463099132C264D3F001216D0 /* Project object */;
			proxyType = 1;
			remoteGlobalIDString = 4630991A2C264D3F001216D0;
			remoteInfo = "Auto-focus";
		};
/* End PBXContainerItemProxy section */

/* Begin PBXFileReference section */
		4630991B2C264D3F001216D0 /* Auto-focus.app */ = {isa = PBXFileReference; explicitFileType = wrapper.application; includeInIndex = 0; path = "Auto-focus.app"; sourceTree = BUILT_PRODUCTS_DIR; };
		4630991E2C264D3F001216D0 /* Auto_focusApp.swift */ = {isa = PBXFileReference; lastKnownFileType = sourcecode.swift; path = Auto_focusApp.swift; sourceTree = "<group>"; };
		463099202C264D3F001216D0 /* Persistence.swift */ = {isa = PBXFileReference; lastKnownFileType = sourcecode.swift; path = Persistence.swift; sourceTree = "<group>"; };
		463099232C264D3F001216D0 /* Auto_focus.xcdatamodel */ = {isa = PBXFileReference; lastKnownFileType = wrapper.xcdatamodel; path = Auto_focus.xcdatamodel; sourceTree = "<group>"; };
		463099252C264D3F001216D0 /* ContentView.swift */ = {isa = PBXFileReference; lastKnownFileType = sourcecode.swift; path = ContentView.swift; sourceTree = "<group>"; };
		463099272C264D40001216D0 /* Assets.xcassets */ = {isa = PBXFileReference; lastKnownFileType = folder.assetcatalog; path = Assets.xcassets; sourceTree = "<group>"; };
		463099292C264D40001216D0 /* Auto_focus.entitlements */ = {isa = PBXFileReference; lastKnownFileType = text.plist.entitlements; path = Auto_focus.entitlements; sourceTree = "<group>"; };
		4630992B2C264D40001216D0 /* Preview Assets.xcassets */ = {isa = PBXFileReference; lastKnownFileType = folder.assetcatalog; path = "Preview Assets.xcassets"; sourceTree = "<group>"; };
		463099312C264D41001216D0 /* Auto-focusTests.xctest */ = {isa = PBXFileReference; explicitFileType = wrapper.cfbundle; includeInIndex = 0; path = "Auto-focusTests.xctest"; sourceTree = BUILT_PRODUCTS_DIR; };
		463099352C264D41001216D0 /* Auto_focusTests.swift */ = {isa = PBXFileReference; lastKnownFileType = sourcecode.swift; path = Auto_focusTests.swift; sourceTree = "<group>"; };
		4630993B2C264D41001216D0 /* Auto-focusUITests.xctest */ = {isa = PBXFileReference; explicitFileType = wrapper.cfbundle; includeInIndex = 0; path = "Auto-focusUITests.xctest"; sourceTree = BUILT_PRODUCTS_DIR; };
		4630993F2C264D41001216D0 /* Auto_focusUITests.swift */ = {isa = PBXFileReference; lastKnownFileType = sourcecode.swift; path = Auto_focusUITests.swift; sourceTree = "<group>"; };
		463099412C264D41001216D0 /* Auto_focusUITestsLaunchTests.swift */ = {isa = PBXFileReference; lastKnownFileType = sourcecode.swift; path = Auto_focusUITestsLaunchTests.swift; sourceTree = "<group>"; };
/* End PBXFileReference section */

/* Begin PBXFrameworksBuildPhase section */
		463099182C264D3F001216D0 /* Frameworks */ = {
			isa = PBXFrameworksBuildPhase;
			buildActionMask = 2147483647;
			files = (
			);
			runOnlyForDeploymentPostprocessing = 0;
		};
		4630992E2C264D41001216D0 /* Frameworks */ = {
			isa = PBXFrameworksBuildPhase;
			buildActionMask = 2147483647;
			files = (
			);
			runOnlyForDeploymentPostprocessing = 0;
		};
		463099382C264D41001216D0 /* Frameworks */ = {
			isa = PBXFrameworksBuildPhase;
			buildActionMask = 2147483647;
			files = (
			);
			runOnlyForDeploymentPostprocessing = 0;
		};
/* End PBXFrameworksBuildPhase section */

/* Begin PBXGroup section */
		463099122C264D3F001216D0 = {
			isa = PBXGroup;
			children = (
				4630991D2C264D3F001216D0 /* Auto-focus */,
				463099342C264D41001216D0 /* Auto-focusTests */,
				4630993E2C264D41001216D0 /* Auto-focusUITests */,
				4630991C2C264D3F001216D0 /* Products */,
			);
			sourceTree = "<group>";
		};
		4630991C2C264D3F001216D0 /* Products */ = {
			isa = PBXGroup;
			children = (
				4630991B2C264D3F001216D0 /* Auto-focus.app */,
				463099312C264D41001216D0 /* Auto-focusTests.xctest */,
				4630993B2C264D41001216D0 /* Auto-focusUITests.xctest */,
			);
			name = Products;
			sourceTree = "<group>";
		};
		4630991D2C264D3F001216D0 /* Auto-focus */ = {
			isa = PBXGroup;
			children = (
				4630991E2C264D3F001216D0 /* Auto_focusApp.swift */,
				463099202C264D3F001216D0 /* Persistence.swift */,
				463099252C264D3F001216D0 /* ContentView.swift */,
				463099272C264D40001216D0 /* Assets.xcassets */,
				463099292C264D40001216D0 /* Auto_focus.entitlements */,
				463099222C264D3F001216D0 /* Auto_focus.xcdatamodeld */,
				4630992A2C264D40001216D0 /* Preview Content */,
			);
			path = "Auto-focus";
			sourceTree = "<group>";
		};
		4630992A2C264D40001216D0 /* Preview Content */ = {
			isa = PBXGroup;
			children = (
				4630992B2C264D40001216D0 /* Preview Assets.xcassets */,
			);
			path = "Preview Content";
			sourceTree = "<group>";
		};
		463099342C264D41001216D0 /* Auto-focusTests */ = {
			isa = PBXGroup;
			children = (
				463099352C264D41001216D0 /* Auto_focusTests.swift */,
			);
			path = "Auto-focusTests";
			sourceTree = "<group>";
		};
		4630993E2C264D41001216D0 /* Auto-focusUITests */ = {
			isa = PBXGroup;
			children = (
				4630993F2C264D41001216D0 /* Auto_focusUITests.swift */,
				463099412C264D41001216D0 /* Auto_focusUITestsLaunchTests.swift */,
			);
			path = "Auto-focusUITests";
			sourceTree = "<group>";
		};
/* End PBXGroup section */

/* Begin PBXNativeTarget section */
		4630991A2C264D3F001216D0 /* Auto-focus */ = {
			isa = PBXNativeTarget;
			buildConfigurationList = 463099452C264D41001216D0 /* Build configuration list for PBXNativeTarget "Auto-focus" */;
			buildPhases = (
				463099172C264D3F001216D0 /* Sources */,
				463099182C264D3F001216D0 /* Frameworks */,
				463099192C264D3F001216D0 /* Resources */,
			);
			buildRules = (
			);
			dependencies = (
			);
			name = "Auto-focus";
			productName = "Auto-focus";
			productReference = 4630991B2C264D3F001216D0 /* Auto-focus.app */;
			productType = "com.apple.product-type.application";
		};
		463099302C264D41001216D0 /* Auto-focusTests */ = {
			isa = PBXNativeTarget;
			buildConfigurationList = 463099482C264D41001216D0 /* Build configuration list for PBXNativeTarget "Auto-focusTests" */;
			buildPhases = (
				4630992D2C264D41001216D0 /* Sources */,
				4630992E2C264D41001216D0 /* Frameworks */,
				4630992F2C264D41001216D0 /* Resources */,
			);
			buildRules = (
			);
			dependencies = (
				463099332C264D41001216D0 /* PBXTargetDependency */,
			);
			name = "Auto-focusTests";
			productName = "Auto-focusTests";
			productReference = 463099312C264D41001216D0 /* Auto-focusTests.xctest */;
			productType = "com.apple.product-type.bundle.unit-test";
		};
		4630993A2C264D41001216D0 /* Auto-focusUITests */ = {
			isa = PBXNativeTarget;
			buildConfigurationList = 4630994B2C264D41001216D0 /* Build configuration list for PBXNativeTarget "Auto-focusUITests" */;
			buildPhases = (
				463099372C264D41001216D0 /* Sources */,
				463099382C264D41001216D0 /* Frameworks */,
				463099392C264D41001216D0 /* Resources */,
			);
			buildRules = (
			);
			dependencies = (
				4630993D2C264D41001216D0 /* PBXTargetDependency */,
			);
			name = "Auto-focusUITests";
			productName = "Auto-focusUITests";
			productReference = 4630993B2C264D41001216D0 /* Auto-focusUITests.xctest */;
			productType = "com.apple.product-type.bundle.ui-testing";
		};
/* End PBXNativeTarget section */

/* Begin PBXProject section */
		463099132C264D3F001216D0 /* Project object */ = {
			isa = PBXProject;
			attributes = {
				BuildIndependentTargetsInParallel = 1;
				LastSwiftUpdateCheck = 1540;
				LastUpgradeCheck = 1540;
				TargetAttributes = {
					4630991A2C264D3F001216D0 = {
						CreatedOnToolsVersion = 15.4;
					};
					463099302C264D41001216D0 = {
						CreatedOnToolsVersion = 15.4;
						TestTargetID = 4630991A2C264D3F001216D0;
					};
					4630993A2C264D41001216D0 = {
						CreatedOnToolsVersion = 15.4;
						TestTargetID = 4630991A2C264D3F001216D0;
					};
				};
			};
			buildConfigurationList = 463099162C264D3F001216D0 /* Build configuration list for PBXProject "Auto-focus" */;
			compatibilityVersion = "Xcode 14.0";
			developmentRegion = en;
			hasScannedForEncodings = 0;
			knownRegions = (
				en,
				Base,
			);
			mainGroup = 463099122C264D3F001216D0;
			productRefGroup = 4630991C2C264D3F001216D0 /* Products */;
			projectDirPath = "";
			projectRoot = "";
			targets = (
				4630991A2C264D3F001216D0 /* Auto-focus */,
				463099302C264D41001216D0 /* Auto-focusTests */,
				4630993A2C264D41001216D0 /* Auto-focusUITests */,
			);
		};
/* End PBXProject section */

/* Begin PBXResourcesBuildPhase section */
		463099192C264D3F001216D0 /* Resources */ = {
			isa = PBXResourcesBuildPhase;
			buildActionMask = 2147483647;
			files = (
				4630992C2C264D40001216D0 /* Preview Assets.xcassets in Resources */,
				463099282C264D40001216D0 /* Assets.xcassets in Resources */,
			);
			runOnlyForDeploymentPostprocessing = 0;
		};
		4630992F2C264D41001216D0 /* Resources */ = {
			isa = PBXResourcesBuildPhase;
			buildActionMask = 2147483647;
			files = (
			);
			runOnlyForDeploymentPostprocessing = 0;
		};
		463099392C264D41001216D0 /* Resources */ = {
			isa = PBXResourcesBuildPhase;
			buildActionMask = 2147483647;
			files = (
			);
			runOnlyForDeploymentPostprocessing = 0;
		};
/* End PBXResourcesBuildPhase section */

/* Begin PBXSourcesBuildPhase section */
		463099172C264D3F001216D0 /* Sources */ = {
			isa = PBXSourcesBuildPhase;
			buildActionMask = 2147483647;
			files = (
				463099242C264D3F001216D0 /* Auto_focus.xcdatamodeld in Sources */,
				4630991F2C264D3F001216D0 /* Auto_focusApp.swift in Sources */,
				463099262C264D3F001216D0 /* ContentView.swift in Sources */,
				463099212C264D3F001216D0 /* Persistence.swift in Sources */,
			);
			runOnlyForDeploymentPostprocessing = 0;
		};
		4630992D2C264D41001216D0 /* Sources */ = {
			isa = PBXSourcesBuildPhase;
			buildActionMask = 2147483647;
			files = (
				463099362C264D41001216D0 /* Auto_focusTests.swift in Sources */,
			);
			runOnlyForDeploymentPostprocessing = 0;
		};
		463099372C264D41001216D0 /* Sources */ = {
			isa = PBXSourcesBuildPhase;
			buildActionMask = 2147483647;
			files = (
				463099422C264D41001216D0 /* Auto_focusUITestsLaunchTests.swift in Sources */,
				463099402C264D41001216D0 /* Auto_focusUITests.swift in Sources */,
			);
			runOnlyForDeploymentPostprocessing = 0;
		};
/* End PBXSourcesBuildPhase section */

/* Begin PBXTargetDependency section */
		463099332C264D41001216D0 /* PBXTargetDependency */ = {
			isa = PBXTargetDependency;
			target = 4630991A2C264D3F001216D0 /* Auto-focus */;
			targetProxy = 463099322C264D41001216D0 /* PBXContainerItemProxy */;
		};
		4630993D2C264D41001216D0 /* PBXTargetDependency */ = {
			isa = PBXTargetDependency;
			target = 4630991A2C264D3F001216D0 /* Auto-focus */;
			targetProxy = 4630993C2C264D41001216D0 /* PBXContainerItemProxy */;
		};
/* End PBXTargetDependency section */

/* Begin XCBuildConfiguration section */
		463099432C264D41001216D0 /* Debug */ = {
			isa = XCBuildConfiguration;
			buildSettings = {
				ALWAYS_SEARCH_USER_PATHS = NO;
				ASSETCATALOG_COMPILER_GENERATE_SWIFT_ASSET_SYMBOL_EXTENSIONS = YES;
				CLANG_ANALYZER_NONNULL = YES;
				CLANG_ANALYZER_NUMBER_OBJECT_CONVERSION = YES_AGGRESSIVE;
				CLANG_CXX_LANGUAGE_STANDARD = "gnu++20";
				CLANG_ENABLE_MODULES = YES;
				CLANG_ENABLE_OBJC_ARC = YES;
				CLANG_ENABLE_OBJC_WEAK = YES;
				CLANG_WARN_BLOCK_CAPTURE_AUTORELEASING = YES;
				CLANG_WARN_BOOL_CONVERSION = YES;
				CLANG_WARN_COMMA = YES;
				CLANG_WARN_CONSTANT_CONVERSION = YES;
				CLANG_WARN_DEPRECATED_OBJC_IMPLEMENTATIONS = YES;
				CLANG_WARN_DIRECT_OBJC_ISA_USAGE = YES_ERROR;
				CLANG_WARN_DOCUMENTATION_COMMENTS = YES;
				CLANG_WARN_EMPTY_BODY = YES;
				CLANG_WARN_ENUM_CONVERSION = YES;
				CLANG_WARN_INFINITE_RECURSION = YES;
				CLANG_WARN_INT_CONVERSION = YES;
				CLANG_WARN_NON_LITERAL_NULL_CONVERSION = YES;
				CLANG_WARN_OBJC_IMPLICIT_RETAIN_SELF = YES;
				CLANG_WARN_OBJC_LITERAL_CONVERSION = YES;
				CLANG_WARN_OBJC_ROOT_CLASS = YES_ERROR;
				CLANG_WARN_QUOTED_INCLUDE_IN_FRAMEWORK_HEADER = YES;
				CLANG_WARN_RANGE_LOOP_ANALYSIS = YES;
				CLANG_WARN_STRICT_PROTOTYPES = YES;
				CLANG_WARN_SUSPICIOUS_MOVE = YES;
				CLANG_WARN_UNGUARDED_AVAILABILITY = YES_AGGRESSIVE;
				CLANG_WARN_UNREACHABLE_CODE = YES;
				CLANG_WARN__DUPLICATE_METHOD_MATCH = YES;
				COPY_PHASE_STRIP = NO;
				DEBUG_INFORMATION_FORMAT = dwarf;
				ENABLE_STRICT_OBJC_MSGSEND = YES;
				ENABLE_TESTABILITY = YES;
				ENABLE_USER_SCRIPT_SANDBOXING = YES;
				GCC_C_LANGUAGE_STANDARD = gnu17;
				GCC_DYNAMIC_NO_PIC = NO;
				GCC_NO_COMMON_BLOCKS = YES;
				GCC_OPTIMIZATION_LEVEL = 0;
				GCC_PREPROCESSOR_DEFINITIONS = (
					"DEBUG=1",
					"$(inherited)",
				);
				GCC_WARN_64_TO_32_BIT_CONVERSION = YES;
				GCC_WARN_ABOUT_RETURN_TYPE = YES_ERROR;
				GCC_WARN_UNDECLARED_SELECTOR = YES;
				GCC_WARN_UNINITIALIZED_AUTOS = YES_AGGRESSIVE;
				GCC_WARN_UNUSED_FUNCTION = YES;
				GCC_WARN_UNUSED_VARIABLE = YES;
				LOCALIZATION_PREFERS_STRING_CATALOGS = YES;
				MTL_ENABLE_DEBUG_INFO = INCLUDE_SOURCE;
				MTL_FAST_MATH = YES;
				ONLY_ACTIVE_ARCH = YES;
				SWIFT_ACTIVE_COMPILATION_CONDITIONS = "DEBUG $(inherited)";
				SWIFT_OPTIMIZATION_LEVEL = "-Onone";
			};
			name = Debug;
		};
		463099442C264D41001216D0 /* Release */ = {
			isa = XCBuildConfiguration;
			buildSettings = {
				ALWAYS_SEARCH_USER_PATHS = NO;
				ASSETCATALOG_COMPILER_GENERATE_SWIFT_ASSET_SYMBOL_EXTENSIONS = YES;
				CLANG_ANALYZER_NONNULL = YES;
				CLANG_ANALYZER_NUMBER_OBJECT_CONVERSION = YES_AGGRESSIVE;
				CLANG_CXX_LANGUAGE_STANDARD = "gnu++20";
				CLANG_ENABLE_MODULES = YES;
				CLANG_ENABLE_OBJC_ARC = YES;
				CLANG_ENABLE_OBJC_WEAK = YES;
				CLANG_WARN_BLOCK_CAPTURE_AUTORELEASING = YES;
				CLANG_WARN_BOOL_CONVERSION = YES;
				CLANG_WARN_COMMA = YES;
				CLANG_WARN_CONSTANT_CONVERSION = YES;
				CLANG_WARN_DEPRECATED_OBJC_IMPLEMENTATIONS = YES;
				CLANG_WARN_DIRECT_OBJC_ISA_USAGE = YES_ERROR;
				CLANG_WARN_DOCUMENTATION_COMMENTS = YES;
				CLANG_WARN_EMPTY_BODY = YES;
				CLANG_WARN_ENUM_CONVERSION = YES;
				CLANG_WARN_INFINITE_RECURSION = YES;
				CLANG_WARN_INT_CONVERSION = YES;
				CLANG_WARN_NON_LITERAL_NULL_CONVERSION = YES;
				CLANG_WARN_OBJC_IMPLICIT_RETAIN_SELF = YES;
				CLANG_WARN_OBJC_LITERAL_CONVERSION = YES;
				CLANG_WARN_OBJC_ROOT_CLASS = YES_ERROR;
				CLANG_WARN_QUOTED_INCLUDE_IN_FRAMEWORK_HEADER = YES;
				CLANG_WARN_RANGE_LOOP_ANALYSIS = YES;
				CLANG_WARN_STRICT_PROTOTYPES = YES;
				CLANG_WARN_SUSPICIOUS_MOVE = YES;
				CLANG_WARN_UNGUARDED_AVAILABILITY = YES_AGGRESSIVE;
				CLANG_WARN_UNREACHABLE_CODE = YES;
				CLANG_WARN__DUPLICATE_METHOD_MATCH = YES;
				COPY_PHASE_STRIP = NO;
				DEBUG_INFORMATION_FORMAT = "dwarf-with-dsym";
				ENABLE_NS_ASSERTIONS = NO;
				ENABLE_STRICT_OBJC_MSGSEND = YES;
				ENABLE_USER_SCRIPT_SANDBOXING = YES;
				GCC_C_LANGUAGE_STANDARD = gnu17;
				GCC_NO_COMMON_BLOCKS = YES;
				GCC_WARN_64_TO_32_BIT_CONVERSION = YES;
				GCC_WARN_ABOUT_RETURN_TYPE = YES_ERROR;
				GCC_WARN_UNDECLARED_SELECTOR = YES;
				GCC_WARN_UNINITIALIZED_AUTOS = YES_AGGRESSIVE;
				GCC_WARN_UNUSED_FUNCTION = YES;
				GCC_WARN_UNUSED_VARIABLE = YES;
				LOCALIZATION_PREFERS_STRING_CATALOGS = YES;
				MTL_ENABLE_DEBUG_INFO = NO;
				MTL_FAST_MATH = YES;
				SWIFT_COMPILATION_MODE = wholemodule;
			};
			name = Release;
		};
		463099462C264D41001216D0 /* Debug */ = {
			isa = XCBuildConfiguration;
			buildSettings = {
				ASSETCATALOG_COMPILER_APPICON_NAME = AppIcon;
				ASSETCATALOG_COMPILER_GLOBAL_ACCENT_COLOR_NAME = AccentColor;
				CODE_SIGN_ENTITLEMENTS = "Auto-focus/Auto_focus.entitlements";
				CODE_SIGN_STYLE = Automatic;
				CURRENT_PROJECT_VERSION = 1;
				DEVELOPMENT_ASSET_PATHS = "\"Auto-focus/Preview Content\"";
				DEVELOPMENT_TEAM = G78Y5U7Z9P;
				ENABLE_HARDENED_RUNTIME = YES;
				ENABLE_PREVIEWS = YES;
				GENERATE_INFOPLIST_FILE = YES;
				"INFOPLIST_KEY_UIApplicationSceneManifest_Generation[sdk=iphoneos*]" = YES;
				"INFOPLIST_KEY_UIApplicationSceneManifest_Generation[sdk=iphonesimulator*]" = YES;
				"INFOPLIST_KEY_UIApplicationSupportsIndirectInputEvents[sdk=iphoneos*]" = YES;
				"INFOPLIST_KEY_UIApplicationSupportsIndirectInputEvents[sdk=iphonesimulator*]" = YES;
				"INFOPLIST_KEY_UILaunchScreen_Generation[sdk=iphoneos*]" = YES;
				"INFOPLIST_KEY_UILaunchScreen_Generation[sdk=iphonesimulator*]" = YES;
				"INFOPLIST_KEY_UIStatusBarStyle[sdk=iphoneos*]" = UIStatusBarStyleDefault;
				"INFOPLIST_KEY_UIStatusBarStyle[sdk=iphonesimulator*]" = UIStatusBarStyleDefault;
				INFOPLIST_KEY_UISupportedInterfaceOrientations_iPad = "UIInterfaceOrientationPortrait UIInterfaceOrientationPortraitUpsideDown UIInterfaceOrientationLandscapeLeft UIInterfaceOrientationLandscapeRight";
				INFOPLIST_KEY_UISupportedInterfaceOrientations_iPhone = "UIInterfaceOrientationPortrait UIInterfaceOrientationLandscapeLeft UIInterfaceOrientationLandscapeRight";
				IPHONEOS_DEPLOYMENT_TARGET = 17.5;
				LD_RUNPATH_SEARCH_PATHS = "@executable_path/Frameworks";
				"LD_RUNPATH_SEARCH_PATHS[sdk=macosx*]" = "@executable_path/../Frameworks";
				MACOSX_DEPLOYMENT_TARGET = 14.5;
				MARKETING_VERSION = 1.0;
				PRODUCT_BUNDLE_IDENTIFIER = "paolo.designs.Auto-focus";
				PRODUCT_NAME = "$(TARGET_NAME)";
				SDKROOT = auto;
				SUPPORTED_PLATFORMS = "iphoneos iphonesimulator macosx";
				SWIFT_EMIT_LOC_STRINGS = YES;
				SWIFT_VERSION = 5.0;
				TARGETED_DEVICE_FAMILY = "1,2";
			};
			name = Debug;
		};
		463099472C264D41001216D0 /* Release */ = {
			isa = XCBuildConfiguration;
			buildSettings = {
				ASSETCATALOG_COMPILER_APPICON_NAME = AppIcon;
				ASSETCATALOG_COMPILER_GLOBAL_ACCENT_COLOR_NAME = AccentColor;
				CODE_SIGN_ENTITLEMENTS = "Auto-focus/Auto_focus.entitlements";
				CODE_SIGN_STYLE = Automatic;
				CURRENT_PROJECT_VERSION = 1;
				DEVELOPMENT_ASSET_PATHS = "\"Auto-focus/Preview Content\"";
				DEVELOPMENT_TEAM = G78Y5U7Z9P;
				ENABLE_HARDENED_RUNTIME = YES;
				ENABLE_PREVIEWS = YES;
				GENERATE_INFOPLIST_FILE = YES;
				"INFOPLIST_KEY_UIApplicationSceneManifest_Generation[sdk=iphoneos*]" = YES;
				"INFOPLIST_KEY_UIApplicationSceneManifest_Generation[sdk=iphonesimulator*]" = YES;
				"INFOPLIST_KEY_UIApplicationSupportsIndirectInputEvents[sdk=iphoneos*]" = YES;
				"INFOPLIST_KEY_UIApplicationSupportsIndirectInputEvents[sdk=iphonesimulator*]" = YES;
				"INFOPLIST_KEY_UILaunchScreen_Generation[sdk=iphoneos*]" = YES;
				"INFOPLIST_KEY_UILaunchScreen_Generation[sdk=iphonesimulator*]" = YES;
				"INFOPLIST_KEY_UIStatusBarStyle[sdk=iphoneos*]" = UIStatusBarStyleDefault;
				"INFOPLIST_KEY_UIStatusBarStyle[sdk=iphonesimulator*]" = UIStatusBarStyleDefault;
				INFOPLIST_KEY_UISupportedInterfaceOrientations_iPad = "UIInterfaceOrientationPortrait UIInterfaceOrientationPortraitUpsideDown UIInterfaceOrientationLandscapeLeft UIInterfaceOrientationLandscapeRight";
				INFOPLIST_KEY_UISupportedInterfaceOrientations_iPhone = "UIInterfaceOrientationPortrait UIInterfaceOrientationLandscapeLeft UIInterfaceOrientationLandscapeRight";
				IPHONEOS_DEPLOYMENT_TARGET = 17.5;
				LD_RUNPATH_SEARCH_PATHS = "@executable_path/Frameworks";
				"LD_RUNPATH_SEARCH_PATHS[sdk=macosx*]" = "@executable_path/../Frameworks";
				MACOSX_DEPLOYMENT_TARGET = 14.5;
				MARKETING_VERSION = 1.0;
				PRODUCT_BUNDLE_IDENTIFIER = "paolo.designs.Auto-focus";
				PRODUCT_NAME = "$(TARGET_NAME)";
				SDKROOT = auto;
				SUPPORTED_PLATFORMS = "iphoneos iphonesimulator macosx";
				SWIFT_EMIT_LOC_STRINGS = YES;
				SWIFT_VERSION = 5.0;
				TARGETED_DEVICE_FAMILY = "1,2";
			};
			name = Release;
		};
		463099492C264D41001216D0 /* Debug */ = {
			isa = XCBuildConfiguration;
			buildSettings = {
				ALWAYS_EMBED_SWIFT_STANDARD_LIBRARIES = YES;
				BUNDLE_LOADER = "$(TEST_HOST)";
				CODE_SIGN_STYLE = Automatic;
				CURRENT_PROJECT_VERSION = 1;
				DEVELOPMENT_TEAM = G78Y5U7Z9P;
				GENERATE_INFOPLIST_FILE = YES;
				IPHONEOS_DEPLOYMENT_TARGET = 17.5;
				MACOSX_DEPLOYMENT_TARGET = 14.5;
				MARKETING_VERSION = 1.0;
				PRODUCT_BUNDLE_IDENTIFIER = "paolo.designs.Auto-focusTests";
				PRODUCT_NAME = "$(TARGET_NAME)";
				SDKROOT = auto;
				SUPPORTED_PLATFORMS = "iphoneos iphonesimulator macosx";
				SWIFT_EMIT_LOC_STRINGS = NO;
				SWIFT_VERSION = 5.0;
				TARGETED_DEVICE_FAMILY = "1,2";
				TEST_HOST = "$(BUILT_PRODUCTS_DIR)/Auto-focus.app/$(BUNDLE_EXECUTABLE_FOLDER_PATH)/Auto-focus";
			};
			name = Debug;
		};
		4630994A2C264D41001216D0 /* Release */ = {
			isa = XCBuildConfiguration;
			buildSettings = {
				ALWAYS_EMBED_SWIFT_STANDARD_LIBRARIES = YES;
				BUNDLE_LOADER = "$(TEST_HOST)";
				CODE_SIGN_STYLE = Automatic;
				CURRENT_PROJECT_VERSION = 1;
				DEVELOPMENT_TEAM = G78Y5U7Z9P;
				GENERATE_INFOPLIST_FILE = YES;
				IPHONEOS_DEPLOYMENT_TARGET = 17.5;
				MACOSX_DEPLOYMENT_TARGET = 14.5;
				MARKETING_VERSION = 1.0;
				PRODUCT_BUNDLE_IDENTIFIER = "paolo.designs.Auto-focusTests";
				PRODUCT_NAME = "$(TARGET_NAME)";
				SDKROOT = auto;
				SUPPORTED_PLATFORMS = "iphoneos iphonesimulator macosx";
				SWIFT_EMIT_LOC_STRINGS = NO;
				SWIFT_VERSION = 5.0;
				TARGETED_DEVICE_FAMILY = "1,2";
				TEST_HOST = "$(BUILT_PRODUCTS_DIR)/Auto-focus.app/$(BUNDLE_EXECUTABLE_FOLDER_PATH)/Auto-focus";
			};
			name = Release;
		};
		4630994C2C264D41001216D0 /* Debug */ = {
			isa = XCBuildConfiguration;
			buildSettings = {
				ALWAYS_EMBED_SWIFT_STANDARD_LIBRARIES = YES;
				CODE_SIGN_STYLE = Automatic;
				CURRENT_PROJECT_VERSION = 1;
				DEVELOPMENT_TEAM = G78Y5U7Z9P;
				GENERATE_INFOPLIST_FILE = YES;
				IPHONEOS_DEPLOYMENT_TARGET = 17.5;
				MACOSX_DEPLOYMENT_TARGET = 14.5;
				MARKETING_VERSION = 1.0;
				PRODUCT_BUNDLE_IDENTIFIER = "paolo.designs.Auto-focusUITests";
				PRODUCT_NAME = "$(TARGET_NAME)";
				SDKROOT = auto;
				SUPPORTED_PLATFORMS = "iphoneos iphonesimulator macosx";
				SWIFT_EMIT_LOC_STRINGS = NO;
				SWIFT_VERSION = 5.0;
				TARGETED_DEVICE_FAMILY = "1,2";
				TEST_TARGET_NAME = "Auto-focus";
			};
			name = Debug;
		};
		4630994D2C264D41001216D0 /* Release */ = {
			isa = XCBuildConfiguration;
			buildSettings = {
				ALWAYS_EMBED_SWIFT_STANDARD_LIBRARIES = YES;
				CODE_SIGN_STYLE = Automatic;
				CURRENT_PROJECT_VERSION = 1;
				DEVELOPMENT_TEAM = G78Y5U7Z9P;
				GENERATE_INFOPLIST_FILE = YES;
				IPHONEOS_DEPLOYMENT_TARGET = 17.5;
				MACOSX_DEPLOYMENT_TARGET = 14.5;
				MARKETING_VERSION = 1.0;
				PRODUCT_BUNDLE_IDENTIFIER = "paolo.designs.Auto-focusUITests";
				PRODUCT_NAME = "$(TARGET_NAME)";
				SDKROOT = auto;
				SUPPORTED_PLATFORMS = "iphoneos iphonesimulator macosx";
				SWIFT_EMIT_LOC_STRINGS = NO;
				SWIFT_VERSION = 5.0;
				TARGETED_DEVICE_FAMILY = "1,2";
				TEST_TARGET_NAME = "Auto-focus";
			};
			name = Release;
		};
/* End XCBuildConfiguration section */

/* Begin XCConfigurationList section */
		463099162C264D3F001216D0 /* Build configuration list for PBXProject "Auto-focus" */ = {
			isa = XCConfigurationList;
			buildConfigurations = (
				463099432C264D41001216D0 /* Debug */,
				463099442C264D41001216D0 /* Release */,
			);
			defaultConfigurationIsVisible = 0;
			defaultConfigurationName = Release;
		};
		463099452C264D41001216D0 /* Build configuration list for PBXNativeTarget "Auto-focus" */ = {
			isa = XCConfigurationList;
			buildConfigurations = (
				463099462C264D41001216D0 /* Debug */,
				463099472C264D41001216D0 /* Release */,
			);
			defaultConfigurationIsVisible = 0;
			defaultConfigurationName = Release;
		};
		463099482C264D41001216D0 /* Build configuration list for PBXNativeTarget "Auto-focusTests" */ = {
			isa = XCConfigurationList;
			buildConfigurations = (
				463099492C264D41001216D0 /* Debug */,
				4630994A2C264D41001216D0 /* Release */,
			);
			defaultConfigurationIsVisible = 0;
			defaultConfigurationName = Release;
		};
		4630994B2C264D41001216D0 /* Build configuration list for PBXNativeTarget "Auto-focusUITests" */ = {
			isa = XCConfigurationList;
			buildConfigurations = (
				4630994C2C264D41001216D0 /* Debug */,
				4630994D2C264D41001216D0 /* Release */,
			);
			defaultConfigurationIsVisible = 0;
			defaultConfigurationName = Release;
		};
/* End XCConfigurationList section */

/* Begin XCVersionGroup section */
		463099222C264D3F001216D0 /* Auto_focus.xcdatamodeld */ = {
			isa = XCVersionGroup;
			children = (
				463099232C264D3F001216D0 /* Auto_focus.xcdatamodel */,
			);
			currentVersion = 463099232C264D3F001216D0 /* Auto_focus.xcdatamodel */;
			path = Auto_focus.xcdatamodeld;
			sourceTree = "<group>";
			versionGroupType = wrapper.xcdatamodel;
		};
/* End XCVersionGroup section */
	};
	rootObject = 463099132C264D3F001216D0 /* Project object */;
}
